// !$*UTF8*$!
{
	archiveVersion = 1;
	classes = {
	};
	objectVersion = 46;
	objects = {

/* Begin PBXBuildFile section */
		3B1B08B91F28268E00FB5CE4 /* AppDelegate.swift in Sources */ = {isa = PBXBuildFile; fileRef = 3B1B08B81F28268E00FB5CE4 /* AppDelegate.swift */; };
		3B1B08BB1F28268E00FB5CE4 /* detailVC.swift in Sources */ = {isa = PBXBuildFile; fileRef = 3B1B08BA1F28268E00FB5CE4 /* detailVC.swift */; };
		3B1B08BE1F28268E00FB5CE4 /* Main.storyboard in Resources */ = {isa = PBXBuildFile; fileRef = 3B1B08BC1F28268E00FB5CE4 /* Main.storyboard */; };
		3B1B08C11F28268E00FB5CE4 /* beltProj.xcdatamodeld in Sources */ = {isa = PBXBuildFile; fileRef = 3B1B08BF1F28268E00FB5CE4 /* beltProj.xcdatamodeld */; };
		3B1B08C31F28268E00FB5CE4 /* Assets.xcassets in Resources */ = {isa = PBXBuildFile; fileRef = 3B1B08C21F28268E00FB5CE4 /* Assets.xcassets */; };
		3B1B08C61F28268E00FB5CE4 /* LaunchScreen.storyboard in Resources */ = {isa = PBXBuildFile; fileRef = 3B1B08C41F28268E00FB5CE4 /* LaunchScreen.storyboard */; };
		3B1B08CF1F28273800FB5CE4 /* tableVC.swift in Sources */ = {isa = PBXBuildFile; fileRef = 3B1B08CE1F28273800FB5CE4 /* tableVC.swift */; };
		3B1B08D11F28281E00FB5CE4 /* cellDelegate.swift in Sources */ = {isa = PBXBuildFile; fileRef = 3B1B08D01F28281E00FB5CE4 /* cellDelegate.swift */; };
		3B1B08D31F28284F00FB5CE4 /* cellVC.swift in Sources */ = {isa = PBXBuildFile; fileRef = 3B1B08D21F28284F00FB5CE4 /* cellVC.swift */; };
		3B1B08D61F2831C300FB5CE4 /* Goal+CoreDataClass.swift in Sources */ = {isa = PBXBuildFile; fileRef = 3B1B08D41F2831C300FB5CE4 /* Goal+CoreDataClass.swift */; };
		3B1B08D71F2831C300FB5CE4 /* Goal+CoreDataProperties.swift in Sources */ = {isa = PBXBuildFile; fileRef = 3B1B08D51F2831C300FB5CE4 /* Goal+CoreDataProperties.swift */; };
		3B1B08D91F2831E300FB5CE4 /* settingVC.swift in Sources */ = {isa = PBXBuildFile; fileRef = 3B1B08D81F2831E300FB5CE4 /* settingVC.swift */; };
/* End PBXBuildFile section */

/* Begin PBXFileReference section */
		3B1B08B51F28268E00FB5CE4 /* beltProj.app */ = {isa = PBXFileReference; explicitFileType = wrapper.application; includeInIndex = 0; path = beltProj.app; sourceTree = BUILT_PRODUCTS_DIR; };
		3B1B08B81F28268E00FB5CE4 /* AppDelegate.swift */ = {isa = PBXFileReference; lastKnownFileType = sourcecode.swift; path = AppDelegate.swift; sourceTree = "<group>"; };
		3B1B08BA1F28268E00FB5CE4 /* detailVC.swift */ = {isa = PBXFileReference; lastKnownFileType = sourcecode.swift; path = detailVC.swift; sourceTree = "<group>"; };
		3B1B08BD1F28268E00FB5CE4 /* Base */ = {isa = PBXFileReference; lastKnownFileType = file.storyboard; name = Base; path = Base.lproj/Main.storyboard; sourceTree = "<group>"; };
		3B1B08C01F28268E00FB5CE4 /* beltProj.xcdatamodel */ = {isa = PBXFileReference; lastKnownFileType = wrapper.xcdatamodel; path = beltProj.xcdatamodel; sourceTree = "<group>"; };
		3B1B08C21F28268E00FB5CE4 /* Assets.xcassets */ = {isa = PBXFileReference; lastKnownFileType = folder.assetcatalog; path = Assets.xcassets; sourceTree = "<group>"; };
		3B1B08C51F28268E00FB5CE4 /* Base */ = {isa = PBXFileReference; lastKnownFileType = file.storyboard; name = Base; path = Base.lproj/LaunchScreen.storyboard; sourceTree = "<group>"; };
		3B1B08C71F28268E00FB5CE4 /* Info.plist */ = {isa = PBXFileReference; lastKnownFileType = text.plist.xml; path = Info.plist; sourceTree = "<group>"; };
		3B1B08CE1F28273800FB5CE4 /* tableVC.swift */ = {isa = PBXFileReference; fileEncoding = 4; lastKnownFileType = sourcecode.swift; path = tableVC.swift; sourceTree = "<group>"; };
		3B1B08D01F28281E00FB5CE4 /* cellDelegate.swift */ = {isa = PBXFileReference; fileEncoding = 4; lastKnownFileType = sourcecode.swift; path = cellDelegate.swift; sourceTree = "<group>"; };
		3B1B08D21F28284F00FB5CE4 /* cellVC.swift */ = {isa = PBXFileReference; fileEncoding = 4; lastKnownFileType = sourcecode.swift; path = cellVC.swift; sourceTree = "<group>"; };
		3B1B08D41F2831C300FB5CE4 /* Goal+CoreDataClass.swift */ = {isa = PBXFileReference; fileEncoding = 4; lastKnownFileType = sourcecode.swift; name = "Goal+CoreDataClass.swift"; path = "../Goal+CoreDataClass.swift"; sourceTree = "<group>"; };
		3B1B08D51F2831C300FB5CE4 /* Goal+CoreDataProperties.swift */ = {isa = PBXFileReference; fileEncoding = 4; lastKnownFileType = sourcecode.swift; name = "Goal+CoreDataProperties.swift"; path = "../Goal+CoreDataProperties.swift"; sourceTree = "<group>"; };
		3B1B08D81F2831E300FB5CE4 /* settingVC.swift */ = {isa = PBXFileReference; fileEncoding = 4; lastKnownFileType = sourcecode.swift; path = settingVC.swift; sourceTree = "<group>"; };
/* End PBXFileReference section */

/* Begin PBXFrameworksBuildPhase section */
		3B1B08B21F28268D00FB5CE4 /* Frameworks */ = {
			isa = PBXFrameworksBuildPhase;
			buildActionMask = 2147483647;
			files = (
			);
			runOnlyForDeploymentPostprocessing = 0;
		};
/* End PBXFrameworksBuildPhase section */

/* Begin PBXGroup section */
		3B1B08AC1F28268D00FB5CE4 = {
			isa = PBXGroup;
			children = (
				3B1B08B71F28268E00FB5CE4 /* beltProj */,
				3B1B08B61F28268E00FB5CE4 /* Products */,
			);
			sourceTree = "<group>";
		};
		3B1B08B61F28268E00FB5CE4 /* Products */ = {
			isa = PBXGroup;
			children = (
				3B1B08B51F28268E00FB5CE4 /* beltProj.app */,
			);
			name = Products;
			sourceTree = "<group>";
		};
		3B1B08B71F28268E00FB5CE4 /* beltProj */ = {
			isa = PBXGroup;
			children = (
				3B1B08CD1F2826A600FB5CE4 /* default */,
				3B1B08BA1F28268E00FB5CE4 /* detailVC.swift */,
				3B1B08CE1F28273800FB5CE4 /* tableVC.swift */,
				3B1B08BC1F28268E00FB5CE4 /* Main.storyboard */,
				3B1B08BF1F28268E00FB5CE4 /* beltProj.xcdatamodeld */,
				3B1B08D01F28281E00FB5CE4 /* cellDelegate.swift */,
				3B1B08D21F28284F00FB5CE4 /* cellVC.swift */,
				3B1B08D81F2831E300FB5CE4 /* settingVC.swift */,
			);
			path = beltProj;
			sourceTree = "<group>";
		};
		3B1B08CD1F2826A600FB5CE4 /* default */ = {
			isa = PBXGroup;
			children = (
				3B1B08D41F2831C300FB5CE4 /* Goal+CoreDataClass.swift */,
				3B1B08D51F2831C300FB5CE4 /* Goal+CoreDataProperties.swift */,
				3B1B08B81F28268E00FB5CE4 /* AppDelegate.swift */,
				3B1B08C21F28268E00FB5CE4 /* Assets.xcassets */,
				3B1B08C41F28268E00FB5CE4 /* LaunchScreen.storyboard */,
				3B1B08C71F28268E00FB5CE4 /* Info.plist */,
			);
			name = default;
			sourceTree = "<group>";
		};
/* End PBXGroup section */

/* Begin PBXNativeTarget section */
		3B1B08B41F28268D00FB5CE4 /* beltProj */ = {
			isa = PBXNativeTarget;
			buildConfigurationList = 3B1B08CA1F28268E00FB5CE4 /* Build configuration list for PBXNativeTarget "beltProj" */;
			buildPhases = (
				3B1B08B11F28268D00FB5CE4 /* Sources */,
				3B1B08B21F28268D00FB5CE4 /* Frameworks */,
				3B1B08B31F28268D00FB5CE4 /* Resources */,
			);
			buildRules = (
			);
			dependencies = (
			);
			name = beltProj;
			productName = beltProj;
			productReference = 3B1B08B51F28268E00FB5CE4 /* beltProj.app */;
			productType = "com.apple.product-type.application";
		};
/* End PBXNativeTarget section */

/* Begin PBXProject section */
		3B1B08AD1F28268D00FB5CE4 /* Project object */ = {
			isa = PBXProject;
			attributes = {
				LastSwiftUpdateCheck = 0830;
				LastUpgradeCheck = 0830;
				ORGANIZATIONNAME = "Lu Yu";
				TargetAttributes = {
					3B1B08B41F28268D00FB5CE4 = {
						CreatedOnToolsVersion = 8.3.3;
						DevelopmentTeam = MWZG5D74NN;
						ProvisioningStyle = Automatic;
					};
				};
			};
			buildConfigurationList = 3B1B08B01F28268D00FB5CE4 /* Build configuration list for PBXProject "beltProj" */;
			compatibilityVersion = "Xcode 3.2";
			developmentRegion = English;
			hasScannedForEncodings = 0;
			knownRegions = (
				en,
				Base,
			);
			mainGroup = 3B1B08AC1F28268D00FB5CE4;
			productRefGroup = 3B1B08B61F28268E00FB5CE4 /* Products */;
			projectDirPath = "";
			projectRoot = "";
			targets = (
				3B1B08B41F28268D00FB5CE4 /* beltProj */,
			);
		};
/* End PBXProject section */

/* Begin PBXResourcesBuildPhase section */
		3B1B08B31F28268D00FB5CE4 /* Resources */ = {
			isa = PBXResourcesBuildPhase;
			buildActionMask = 2147483647;
			files = (
				3B1B08C61F28268E00FB5CE4 /* LaunchScreen.storyboard in Resources */,
				3B1B08C31F28268E00FB5CE4 /* Assets.xcassets in Resources */,
				3B1B08BE1F28268E00FB5CE4 /* Main.storyboard in Resources */,
			);
			runOnlyForDeploymentPostprocessing = 0;
		};
/* End PBXResourcesBuildPhase section */

/* Begin PBXSourcesBuildPhase section */
		3B1B08B11F28268D00FB5CE4 /* Sources */ = {
			isa = PBXSourcesBuildPhase;
			buildActionMask = 2147483647;
			files = (
				3B1B08D31F28284F00FB5CE4 /* cellVC.swift in Sources */,
				3B1B08D61F2831C300FB5CE4 /* Goal+CoreDataClass.swift in Sources */,
				3B1B08D91F2831E300FB5CE4 /* settingVC.swift in Sources */,
				3B1B08D11F28281E00FB5CE4 /* cellDelegate.swift in Sources */,
				3B1B08BB1F28268E00FB5CE4 /* detailVC.swift in Sources */,
				3B1B08CF1F28273800FB5CE4 /* tableVC.swift in Sources */,
				3B1B08C11F28268E00FB5CE4 /* beltProj.xcdatamodeld in Sources */,
				3B1B08D71F2831C300FB5CE4 /* Goal+CoreDataProperties.swift in Sources */,
				3B1B08B91F28268E00FB5CE4 /* AppDelegate.swift in Sources */,
			);
			runOnlyForDeploymentPostprocessing = 0;
		};
/* End PBXSourcesBuildPhase section */

/* Begin PBXVariantGroup section */
		3B1B08BC1F28268E00FB5CE4 /* Main.storyboard */ = {
			isa = PBXVariantGroup;
			children = (
				3B1B08BD1F28268E00FB5CE4 /* Base */,
			);
			name = Main.storyboard;
			sourceTree = "<group>";
		};
		3B1B08C41F28268E00FB5CE4 /* LaunchScreen.storyboard */ = {
			isa = PBXVariantGroup;
			children = (
				3B1B08C51F28268E00FB5CE4 /* Base */,
			);
			name = LaunchScreen.storyboard;
			sourceTree = "<group>";
		};
/* End PBXVariantGroup section */

/* Begin XCBuildConfiguration section */
		3B1B08C81F28268E00FB5CE4 /* Debug */ = {
			isa = XCBuildConfiguration;
			buildSettings = {
				ALWAYS_SEARCH_USER_PATHS = NO;
				CLANG_ANALYZER_NONNULL = YES;
				CLANG_ANALYZER_NUMBER_OBJECT_CONVERSION = YES_AGGRESSIVE;
				CLANG_CXX_LANGUAGE_STANDARD = "gnu++0x";
				CLANG_CXX_LIBRARY = "libc++";
				CLANG_ENABLE_MODULES = YES;
				CLANG_ENABLE_OBJC_ARC = YES;
				CLANG_WARN_BOOL_CONVERSION = YES;
				CLANG_WARN_CONSTANT_CONVERSION = YES;
				CLANG_WARN_DIRECT_OBJC_ISA_USAGE = YES_ERROR;
				CLANG_WARN_DOCUMENTATION_COMMENTS = YES;
				CLANG_WARN_EMPTY_BODY = YES;
				CLANG_WARN_ENUM_CONVERSION = YES;
				CLANG_WARN_INFINITE_RECURSION = YES;
				CLANG_WARN_INT_CONVERSION = YES;
				CLANG_WARN_OBJC_ROOT_CLASS = YES_ERROR;
				CLANG_WARN_SUSPICIOUS_MOVE = YES;
				CLANG_WARN_UNREACHABLE_CODE = YES;
				CLANG_WARN__DUPLICATE_METHOD_MATCH = YES;
				"CODE_SIGN_IDENTITY[sdk=iphoneos*]" = "iPhone Developer";
				COPY_PHASE_STRIP = NO;
				DEBUG_INFORMATION_FORMAT = dwarf;
				ENABLE_STRICT_OBJC_MSGSEND = YES;
				ENABLE_TESTABILITY = YES;
				GCC_C_LANGUAGE_STANDARD = gnu99;
				GCC_DYNAMIC_NO_PIC = NO;
				GCC_NO_COMMON_BLOCKS = YES;
				GCC_OPTIMIZATION_LEVEL = 0;
				GCC_PREPROCESSOR_DEFINITIONS = (
					"DEBUG=1",
					"$(inherited)",
				);
				GCC_WARN_64_TO_32_BIT_CONVERSION = YES;
				GCC_WARN_ABOUT_RETURN_TYPE = YES_ERROR;
				GCC_WARN_UNDECLARED_SELECTOR = YES;
				GCC_WARN_UNINITIALIZED_AUTOS = YES_AGGRESSIVE;
				GCC_WARN_UNUSED_FUNCTION = YES;
				GCC_WARN_UNUSED_VARIABLE = YES;
				IPHONEOS_DEPLOYMENT_TARGET = 10.3;
				MTL_ENABLE_DEBUG_INFO = YES;
				ONLY_ACTIVE_ARCH = YES;
				SDKROOT = iphoneos;
				SWIFT_ACTIVE_COMPILATION_CONDITIONS = DEBUG;
				SWIFT_OPTIMIZATION_LEVEL = "-Onone";
				TARGETED_DEVICE_FAMILY = "1,2";
			};
			name = Debug;
		};
		3B1B08C91F28268E00FB5CE4 /* Release */ = {
			isa = XCBuildConfiguration;
			buildSettings = {
				ALWAYS_SEARCH_USER_PATHS = NO;
				CLANG_ANALYZER_NONNULL = YES;
				CLANG_ANALYZER_NUMBER_OBJECT_CONVERSION = YES_AGGRESSIVE;
				CLANG_CXX_LANGUAGE_STANDARD = "gnu++0x";
				CLANG_CXX_LIBRARY = "libc++";
				CLANG_ENABLE_MODULES = YES;
				CLANG_ENABLE_OBJC_ARC = YES;
				CLANG_WARN_BOOL_CONVERSION = YES;
				CLANG_WARN_CONSTANT_CONVERSION = YES;
				CLANG_WARN_DIRECT_OBJC_ISA_USAGE = YES_ERROR;
				CLANG_WARN_DOCUMENTATION_COMMENTS = YES;
				CLANG_WARN_EMPTY_BODY = YES;
				CLANG_WARN_ENUM_CONVERSION = YES;
				CLANG_WARN_INFINITE_RECURSION = YES;
				CLANG_WARN_INT_CONVERSION = YES;
				CLANG_WARN_OBJC_ROOT_CLASS = YES_ERROR;
				CLANG_WARN_SUSPICIOUS_MOVE = YES;
				CLANG_WARN_UNREACHABLE_CODE = YES;
				CLANG_WARN__DUPLICATE_METHOD_MATCH = YES;
				"CODE_SIGN_IDENTITY[sdk=iphoneos*]" = "iPhone Developer";
				COPY_PHASE_STRIP = NO;
				DEBUG_INFORMATION_FORMAT = "dwarf-with-dsym";
				ENABLE_NS_ASSERTIONS = NO;
				ENABLE_STRICT_OBJC_MSGSEND = YES;
				GCC_C_LANGUAGE_STANDARD = gnu99;
				GCC_NO_COMMON_BLOCKS = YES;
				GCC_WARN_64_TO_32_BIT_CONVERSION = YES;
				GCC_WARN_ABOUT_RETURN_TYPE = YES_ERROR;
				GCC_WARN_UNDECLARED_SELECTOR = YES;
				GCC_WARN_UNINITIALIZED_AUTOS = YES_AGGRESSIVE;
				GCC_WARN_UNUSED_FUNCTION = YES;
				GCC_WARN_UNUSED_VARIABLE = YES;
				IPHONEOS_DEPLOYMENT_TARGET = 10.3;
				MTL_ENABLE_DEBUG_INFO = NO;
				SDKROOT = iphoneos;
				SWIFT_OPTIMIZATION_LEVEL = "-Owholemodule";
				TARGETED_DEVICE_FAMILY = "1,2";
				VALIDATE_PRODUCT = YES;
			};
			name = Release;
		};
		3B1B08CB1F28268E00FB5CE4 /* Debug */ = {
			isa = XCBuildConfiguration;
			buildSettings = {
				ASSETCATALOG_COMPILER_APPICON_NAME = AppIcon;
				DEVELOPMENT_TEAM = MWZG5D74NN;
				INFOPLIST_FILE = beltProj/Info.plist;
				LD_RUNPATH_SEARCH_PATHS = "$(inherited) @executable_path/Frameworks";
				PRODUCT_BUNDLE_IDENTIFIER = com.codingdojo.beltProj;
				PRODUCT_NAME = "$(TARGET_NAME)";
				SWIFT_VERSION = 3.0;
			};
			name = Debug;
		};
		3B1B08CC1F28268E00FB5CE4 /* Release */ = {
			isa = XCBuildConfiguration;
			buildSettings = {
				ASSETCATALOG_COMPILER_APPICON_NAME = AppIcon;
				DEVELOPMENT_TEAM = MWZG5D74NN;
				INFOPLIST_FILE = beltProj/Info.plist;
				LD_RUNPATH_SEARCH_PATHS = "$(inherited) @executable_path/Frameworks";
				PRODUCT_BUNDLE_IDENTIFIER = com.codingdojo.beltProj;
				PRODUCT_NAME = "$(TARGET_NAME)";
				SWIFT_VERSION = 3.0;
			};
			name = Release;
		};
/* End XCBuildConfiguration section */

/* Begin XCConfigurationList section */
		3B1B08B01F28268D00FB5CE4 /* Build configuration list for PBXProject "beltProj" */ = {
			isa = XCConfigurationList;
			buildConfigurations = (
				3B1B08C81F28268E00FB5CE4 /* Debug */,
				3B1B08C91F28268E00FB5CE4 /* Release */,
			);
			defaultConfigurationIsVisible = 0;
			defaultConfigurationName = Release;
		};
		3B1B08CA1F28268E00FB5CE4 /* Build configuration list for PBXNativeTarget "beltProj" */ = {
			isa = XCConfigurationList;
			buildConfigurations = (
				3B1B08CB1F28268E00FB5CE4 /* Debug */,
				3B1B08CC1F28268E00FB5CE4 /* Release */,
			);
			defaultConfigurationIsVisible = 0;
		};
/* End XCConfigurationList section */

/* Begin XCVersionGroup section */
		3B1B08BF1F28268E00FB5CE4 /* beltProj.xcdatamodeld */ = {
			isa = XCVersionGroup;
			children = (
				3B1B08C01F28268E00FB5CE4 /* beltProj.xcdatamodel */,
			);
			currentVersion = 3B1B08C01F28268E00FB5CE4 /* beltProj.xcdatamodel */;
			path = beltProj.xcdatamodeld;
			sourceTree = "<group>";
			versionGroupType = wrapper.xcdatamodel;
		};
/* End XCVersionGroup section */
	};
	rootObject = 3B1B08AD1F28268D00FB5CE4 /* Project object */;
}
